
Microsoft Visual Studio Solution File, Format Version 12.00
# Visual Studio Version 17
VisualStudioVersion = 17.4.33122.133
MinimumVisualStudioVersion = 10.0.40219.1
Project("{FAE04EC0-301F-11D3-BF4B-00C04F79EFBC}") = "BasicCoreProblems", "BasicCoreProblems\BasicCoreProblems.csproj", "{01E4CEA8-C46D-44E3-B60D-BB4CEF9CDF94}"
EndProject
Global
	GlobalSection(SolutionConfigurationPlatforms) = preSolution
		Debug|Any CPU = Debug|Any CPU
		Release|Any CPU = Release|Any CPU
	EndGlobalSection
	GlobalSection(ProjectConfigurationPlatforms) = postSolution
		{01E4CEA8-C46D-44E3-B60D-BB4CEF9CDF94}.Debug|Any CPU.ActiveCfg = Debug|Any CPU
		{01E4CEA8-C46D-44E3-B60D-BB4CEF9CDF94}.Debug|Any CPU.Build.0 = Debug|Any CPU
		{01E4CEA8-C46D-44E3-B60D-BB4CEF9CDF94}.Release|Any CPU.ActiveCfg = Release|Any CPU
		{01E4CEA8-C46D-44E3-B60D-BB4CEF9CDF94}.Release|Any CPU.Build.0 = Release|Any CPU
	EndGlobalSection
	GlobalSection(SolutionProperties) = preSolution
		HideSolutionNode = FALSE
	EndGlobalSection
	GlobalSection(ExtensibilityGlobals) = postSolution
		SolutionGuid = {D5327EA9-2F4D-497C-950A-3773A833AF32}
	EndGlobalSection
EndGlobal
